<?xml version="1.0" encoding="utf-8"?>
<Project ToolsVersion="4.0" xmlns="http://schemas.microsoft.com/developer/msbuild/2003">
  <ItemGroup>
    <Filter Include="소스 파일">
      <UniqueIdentifier>{4FC737F1-C7A5-4376-A066-2A32D752A2FF}</UniqueIdentifier>
      <Extensions>cpp;c;cc;cxx;def;odl;idl;hpj;bat;asm;asmx</Extensions>
    </Filter>
    <Filter Include="헤더 파일">
      <UniqueIdentifier>{93995380-89BD-4b04-88EB-625FBE52EBFB}</UniqueIdentifier>
      <Extensions>h;hh;hpp;hxx;hm;inl;inc;xsd</Extensions>
    </Filter>
    <Filter Include="리소스 파일">
      <UniqueIdentifier>{67DA6AB6-F800-4c08-8B7A-83BB121AAD01}</UniqueIdentifier>
      <Extensions>rc;ico;cur;bmp;dlg;rc2;rct;bin;rgs;gif;jpg;jpeg;jpe;resx;tiff;tif;png;wav;mfcribbon-ms</Extensions>
    </Filter>
  </ItemGroup>
  <ItemGroup>
    <ClCompile Include="main.cpp">
      <Filter>소스 파일</Filter>
    </ClCompile>
    <ClCompile Include="GameMain.cpp">
      <Filter>소스 파일</Filter>
    </ClCompile>
    <ClCompile Include="Background.cpp">
      <Filter>소스 파일</Filter>
    </ClCompile>
    <ClCompile Include="PlayerCharacter.cpp">
      <Filter>소스 파일</Filter>
    </ClCompile>
    <ClCompile Include="projectile.cpp">
      <Filter>소스 파일</Filter>
    </ClCompile>
    <ClCompile Include="Enemy.cpp">
      <Filter>소스 파일</Filter>
    </ClCompile>
    <ClCompile Include="EnemyType1.cpp">
      <Filter>소스 파일</Filter>
    </ClCompile>
    <ClCompile Include="EnemyType2.cpp">
      <Filter>소스 파일</Filter>
    </ClCompile>
  </ItemGroup>
  <ItemGroup>
    <ClInclude Include="resource.h">
      <Filter>헤더 파일</Filter>
    </ClInclude>
    <ClInclude Include="GameMain.h">
      <Filter>헤더 파일</Filter>
    </ClInclude>
    <ClInclude Include="stdafx.h">
      <Filter>헤더 파일</Filter>
    </ClInclude>
    <ClInclude Include="Background.h">
      <Filter>헤더 파일</Filter>
    </ClInclude>
    <ClInclude Include="PlayerCharacter.h">
      <Filter>헤더 파일</Filter>
    </ClInclude>
    <ClInclude Include="define.h">
      <Filter>헤더 파일</Filter>
    </ClInclude>
    <ClInclude Include="projectile.h">
      <Filter>헤더 파일</Filter>
    </ClInclude>
    <ClInclude Include="Enemy.h">
      <Filter>헤더 파일</Filter>
    </ClInclude>
    <ClInclude Include="EnemyType1.h">
      <Filter>헤더 파일</Filter>
    </ClInclude>
    <ClInclude Include="EnemyType2.h">
      <Filter>헤더 파일</Filter>
    </ClInclude>
  </ItemGroup>
  <ItemGroup>
    <ResourceCompile Include="game.rc">
      <Filter>리소스 파일</Filter>
    </ResourceCompile>
  </ItemGroup>
  <ItemGroup>
    <Image Include="..\..\resource\Top down aeroplane v1\pngs\yellow-plane\propeller-animation\1.png">
      <Filter>리소스 파일</Filter>
    </Image>
    <Image Include="..\..\resource\Top down aeroplane v1\pngs\yellow-plane\propeller-animation\2.png">
      <Filter>리소스 파일</Filter>
    </Image>
    <Image Include="..\..\resource\Top down aeroplane v1\pngs\yellow-plane\propeller-animation\3.png">
      <Filter>리소스 파일</Filter>
    </Image>
    <Image Include="..\..\resource\Top down aeroplane v1\pngs\yellow-plane\propeller-animation\4.png">
      <Filter>리소스 파일</Filter>
    </Image>
    <Image Include="..\..\resource\Top down aeroplane v1\pngs\yellow-plane\propeller-animation\5.png">
      <Filter>리소스 파일</Filter>
    </Image>
    <Image Include="..\..\resource\Top down aeroplane v1\pngs\yellow-plane\propeller-animation\6.png">
      <Filter>리소스 파일</Filter>
    </Image>
    <Image Include="..\..\resource\Top down aeroplane v1\pngs\yellow-plane\propeller-animation\bank-left-no-prop.png">
      <Filter>리소스 파일</Filter>
    </Image>
    <Image Include="..\..\resource\Top down aeroplane v1\pngs\yellow-plane\propeller-animation\bank-right-no-prop.png">
      <Filter>리소스 파일</Filter>
    </Image>
    <Image Include="..\..\resource\Top down aeroplane v1\pngs\yellow-plane\propeller-animation\no-bank-no-prop.png">
      <Filter>리소스 파일</Filter>
    </Image>
    <Image Include="..\..\resource\Top down aeroplane v1\pngs\yellow-plane\propeller-animation\1mask.png">
      <Filter>리소스 파일</Filter>
    </Image>
    <Image Include="..\..\resource\Top down aeroplane v1\pngs\yellow-plane\propeller-animation\2mask.png">
      <Filter>리소스 파일</Filter>
    </Image>
    <Image Include="..\..\resource\Top down aeroplane v1\pngs\yellow-plane\propeller-animation\3mask.png">
      <Filter>리소스 파일</Filter>
    </Image>
    <Image Include="..\..\resource\Top down aeroplane v1\pngs\yellow-plane\propeller-animation\4mask.png">
      <Filter>리소스 파일</Filter>
    </Image>
    <Image Include="..\..\resource\Top down aeroplane v1\pngs\yellow-plane\propeller-animation\5mask.png">
      <Filter>리소스 파일</Filter>
    </Image>
    <Image Include="..\..\resource\Top down aeroplane v1\pngs\yellow-plane\propeller-animation\6mask.png">
      <Filter>리소스 파일</Filter>
    </Image>
    <Image Include="..\..\resource\Top down aeroplane v1\pngs\yellow-plane\propeller-animation\bank-left-no-prop-mask.png">
      <Filter>리소스 파일</Filter>
    </Image>
    <Image Include="..\..\resource\Top down aeroplane v1\pngs\yellow-plane\propeller-animation\bank-right-no-prop-mask.png">
      <Filter>리소스 파일</Filter>
    </Image>
    <Image Include="..\..\resource\Top down aeroplane v1\pngs\yellow-plane\propeller-animation\no-bank-no-prop-mask.png">
      <Filter>리소스 파일</Filter>
    </Image>
    <Image Include="..\..\resource\bg5.png">
      <Filter>리소스 파일</Filter>
    </Image>
    <Image Include="..\..\resource\bg5.bmp">
      <Filter>리소스 파일</Filter>
    </Image>
    <Image Include="..\..\resource\top down aeroplane v1\pngs\yellow-plane\propeller-animation\png10.png">
      <Filter>리소스 파일</Filter>
    </Image>
    <Image Include="resource\bg5.png">
      <Filter>리소스 파일</Filter>
    </Image>
  </ItemGroup>
</Project>